
Microsoft Visual Studio Solution File, Format Version 12.00
# Visual Studio 15
VisualStudioVersion = 15.0.28307.489
MinimumVisualStudioVersion = 10.0.40219.1
Project("{FAE04EC0-301F-11D3-BF4B-00C04F79EFBC}") = "album-server", "album-server\album-server.csproj", "{F37555A0-0B97-487C-9DB4-3F0ACA22D721}"
EndProject
Global
	GlobalSection(SolutionConfigurationPlatforms) = preSolution
		Debug|Any CPU = Debug|Any CPU
		Release|Any CPU = Release|Any CPU
	EndGlobalSection
	GlobalSection(ProjectConfigurationPlatforms) = postSolution
		{F37555A0-0B97-487C-9DB4-3F0ACA22D721}.Debug|Any CPU.ActiveCfg = Debug|Any CPU
		{F37555A0-0B97-487C-9DB4-3F0ACA22D721}.Debug|Any CPU.Build.0 = Debug|Any CPU
		{F37555A0-0B97-487C-9DB4-3F0ACA22D721}.Release|Any CPU.ActiveCfg = Release|Any CPU
		{F37555A0-0B97-487C-9DB4-3F0ACA22D721}.Release|Any CPU.Build.0 = Release|Any CPU
	EndGlobalSection
	GlobalSection(SolutionProperties) = preSolution
		HideSolutionNode = FALSE
	EndGlobalSection
	GlobalSection(ExtensibilityGlobals) = postSolution
		SolutionGuid = {34667239-8E47-41C4-93E0-1A84C39CAE97}
	EndGlobalSection
EndGlobal
